
Microsoft Visual Studio Solution File, Format Version 12.00
# Visual Studio Version 16
VisualStudioVersion = 16.0.28714.193
MinimumVisualStudioVersion = 10.0.40219.1
Project("{2150E333-8FDC-42A3-9474-1A3956D46DE8}") = "src", "src", "{ECEF9769-E853-4A20-A4F0-68C87363525F}"
EndProject
Project("{2150E333-8FDC-42A3-9474-1A3956D46DE8}") = "test", "test", "{4CC878F2-1711-4E08-A273-CCF0DA6E7B8D}"
EndProject
Project("{2150E333-8FDC-42A3-9474-1A3956D46DE8}") = "1-Presentation", "1-Presentation", "{DDBFE125-18D7-40B4-999D-167E57EACA4F}"
EndProject
Project("{2150E333-8FDC-42A3-9474-1A3956D46DE8}") = "2-Application", "2-Application", "{2DEFC8EF-481A-46E8-949C-044619357F3C}"
EndProject
Project("{2150E333-8FDC-42A3-9474-1A3956D46DE8}") = "3-Domain", "3-Domain", "{DDB3EFF5-F89A-46D4-890D-B7F97C45EF2B}"
EndProject
Project("{2150E333-8FDC-42A3-9474-1A3956D46DE8}") = "4-Infrastructure", "4-Infrastructure", "{F287297B-6F52-4514-9567-7669B6E2665F}"
EndProject
Project("{9A19103F-16F7-4668-BE54-9A1E7A4F7556}") = "DDD.Core.Sample.Application.Interfaces", "DDD.Core.Sample.Application.Interfaces\DDD.Core.Sample.Application.Interfaces.csproj", "{B3C3F679-3B25-4D81-BA02-FF8F7FA56C59}"
EndProject
Project("{9A19103F-16F7-4668-BE54-9A1E7A4F7556}") = "DDD.Core.Sample.Application", "DDD.Core.Sample.Application\DDD.Core.Sample.Application.csproj", "{BD562B31-2A6F-4351-AFD7-13C8236FB2A4}"
EndProject
Project("{9A19103F-16F7-4668-BE54-9A1E7A4F7556}") = "DDD.Core.Sample.Domain", "DDD.Core.Sample.Domain\DDD.Core.Sample.Domain.csproj", "{7C6CE236-80EB-4D60-AE08-A35D81A8DE0D}"
EndProject
Project("{9A19103F-16F7-4668-BE54-9A1E7A4F7556}") = "DDD.Core.Sample.Domain.DomainEvents", "DDD.Core.Sample.Domain.DomainEvents\DDD.Core.Sample.Domain.DomainEvents.csproj", "{E3CC99AA-A4E8-4E54-B200-745A3F081684}"
EndProject
Project("{9A19103F-16F7-4668-BE54-9A1E7A4F7556}") = "DDD.Core.Sample.Domain.DomainServices", "DDD.Core.Sample.Domain.DomainServices\DDD.Core.Sample.Domain.DomainServices.csproj", "{4D1139CD-7575-4B7D-A93D-C2633949895D}"
EndProject
Project("{9A19103F-16F7-4668-BE54-9A1E7A4F7556}") = "DDD.Core.Sample.Domain.Repository.Interfaces", "DDD.Core.Sample.Domain.Repository.Interfaces\DDD.Core.Sample.Domain.Repository.Interfaces.csproj", "{A846BD95-0119-442B-9696-05791C42F2D3}"
EndProject
Project("{9A19103F-16F7-4668-BE54-9A1E7A4F7556}") = "DDD.Core.Sample.Domain.ValueObjects", "DDD.Core.Sample.Domain.ValueObjects\DDD.Core.Sample.Domain.ValueObjects.csproj", "{1006B717-102A-4A87-AC45-C78592C4DFC4}"
EndProject
Project("{9A19103F-16F7-4668-BE54-9A1E7A4F7556}") = "DDD.Core.Sample.BootStrapper", "DDD.Core.Sample.BootStrapper\DDD.Core.Sample.BootStrapper.csproj", "{BB885010-4E71-4629-902E-942EE5D76B4D}"
EndProject
Project("{9A19103F-16F7-4668-BE54-9A1E7A4F7556}") = "DDD.Core.Sample.Infrastructure", "DDD.Core.Sample.Infrastructure\DDD.Core.Sample.Infrastructure.csproj", "{1FE5BA69-E258-441F-A336-67AB63A515A3}"
EndProject
Project("{9A19103F-16F7-4668-BE54-9A1E7A4F7556}") = "DDD.Core.Sample.Infrastructure.Interfaces", "DDD.Core.Sample.Infrastructure.Interfaces\DDD.Core.Sample.Infrastructure.Interfaces.csproj", "{77A6E9EB-A9F4-42C4-803B-FACBFDE2DE53}"
EndProject
Project("{9A19103F-16F7-4668-BE54-9A1E7A4F7556}") = "DDD.Core.Sample.Repository", "DDD.Core.Sample.Repository\DDD.Core.Sample.Repository.csproj", "{7F802C1D-91F8-41BC-A77D-A4B0AE633A1B}"
EndProject
Project("{9A19103F-16F7-4668-BE54-9A1E7A4F7556}") = "DDD.Core.Sample.Application.DTO", "DDD.Core.Sample.Application.DTO\DDD.Core.Sample.Application.DTO.csproj", "{49891C4C-B9EA-4895-A986-39B8E2A1C532}"
EndProject
Project("{9A19103F-16F7-4668-BE54-9A1E7A4F7556}") = "XUnitTestProject1", "XUnitTestProject1\XUnitTestProject1.csproj", "{03268224-7C5A-4811-8EB5-D1B54F61983F}"
EndProject
Project("{9A19103F-16F7-4668-BE54-9A1E7A4F7556}") = "DDD.Core.Sample.WebApi", "DDD.Core.Sample.WebApi\DDD.Core.Sample.WebApi.csproj", "{88F23DA3-2009-47C9-81CA-5C1D7B9AD873}"
EndProject
Project("{9A19103F-16F7-4668-BE54-9A1E7A4F7556}") = "DDD.Core.Sample.Web", "DDD.Core.Sample.Web\DDD.Core.Sample.Web.csproj", "{78749D81-4C86-4398-84AE-3FBD019E594B}"
EndProject
Project("{9A19103F-16F7-4668-BE54-9A1E7A4F7556}") = "DDD.Core.Sample.AuthServer", "DDD.Core.Sample.AuthServer\DDD.Core.Sample.AuthServer.csproj", "{866B847F-DAAD-4ED9-8261-68F975C8C79B}"
EndProject
Global
	GlobalSection(SolutionConfigurationPlatforms) = preSolution
		Debug|Any CPU = Debug|Any CPU
		Release|Any CPU = Release|Any CPU
	EndGlobalSection
	GlobalSection(ProjectConfigurationPlatforms) = postSolution
		{B3C3F679-3B25-4D81-BA02-FF8F7FA56C59}.Debug|Any CPU.ActiveCfg = Debug|Any CPU
		{B3C3F679-3B25-4D81-BA02-FF8F7FA56C59}.Debug|Any CPU.Build.0 = Debug|Any CPU
		{B3C3F679-3B25-4D81-BA02-FF8F7FA56C59}.Release|Any CPU.ActiveCfg = Release|Any CPU
		{B3C3F679-3B25-4D81-BA02-FF8F7FA56C59}.Release|Any CPU.Build.0 = Release|Any CPU
		{BD562B31-2A6F-4351-AFD7-13C8236FB2A4}.Debug|Any CPU.ActiveCfg = Debug|Any CPU
		{BD562B31-2A6F-4351-AFD7-13C8236FB2A4}.Debug|Any CPU.Build.0 = Debug|Any CPU
		{BD562B31-2A6F-4351-AFD7-13C8236FB2A4}.Release|Any CPU.ActiveCfg = Release|Any CPU
		{BD562B31-2A6F-4351-AFD7-13C8236FB2A4}.Release|Any CPU.Build.0 = Release|Any CPU
		{7C6CE236-80EB-4D60-AE08-A35D81A8DE0D}.Debug|Any CPU.ActiveCfg = Debug|Any CPU
		{7C6CE236-80EB-4D60-AE08-A35D81A8DE0D}.Debug|Any CPU.Build.0 = Debug|Any CPU
		{7C6CE236-80EB-4D60-AE08-A35D81A8DE0D}.Release|Any CPU.ActiveCfg = Release|Any CPU
		{7C6CE236-80EB-4D60-AE08-A35D81A8DE0D}.Release|Any CPU.Build.0 = Release|Any CPU
		{E3CC99AA-A4E8-4E54-B200-745A3F081684}.Debug|Any CPU.ActiveCfg = Debug|Any CPU
		{E3CC99AA-A4E8-4E54-B200-745A3F081684}.Debug|Any CPU.Build.0 = Debug|Any CPU
		{E3CC99AA-A4E8-4E54-B200-745A3F081684}.Release|Any CPU.ActiveCfg = Release|Any CPU
		{E3CC99AA-A4E8-4E54-B200-745A3F081684}.Release|Any CPU.Build.0 = Release|Any CPU
		{4D1139CD-7575-4B7D-A93D-C2633949895D}.Debug|Any CPU.ActiveCfg = Debug|Any CPU
		{4D1139CD-7575-4B7D-A93D-C2633949895D}.Debug|Any CPU.Build.0 = Debug|Any CPU
		{4D1139CD-7575-4B7D-A93D-C2633949895D}.Release|Any CPU.ActiveCfg = Release|Any CPU
		{4D1139CD-7575-4B7D-A93D-C2633949895D}.Release|Any CPU.Build.0 = Release|Any CPU
		{A846BD95-0119-442B-9696-05791C42F2D3}.Debug|Any CPU.ActiveCfg = Debug|Any CPU
		{A846BD95-0119-442B-9696-05791C42F2D3}.Debug|Any CPU.Build.0 = Debug|Any CPU
		{A846BD95-0119-442B-9696-05791C42F2D3}.Release|Any CPU.ActiveCfg = Release|Any CPU
		{A846BD95-0119-442B-9696-05791C42F2D3}.Release|Any CPU.Build.0 = Release|Any CPU
		{1006B717-102A-4A87-AC45-C78592C4DFC4}.Debug|Any CPU.ActiveCfg = Debug|Any CPU
		{1006B717-102A-4A87-AC45-C78592C4DFC4}.Debug|Any CPU.Build.0 = Debug|Any CPU
		{1006B717-102A-4A87-AC45-C78592C4DFC4}.Release|Any CPU.ActiveCfg = Release|Any CPU
		{1006B717-102A-4A87-AC45-C78592C4DFC4}.Release|Any CPU.Build.0 = Release|Any CPU
		{BB885010-4E71-4629-902E-942EE5D76B4D}.Debug|Any CPU.ActiveCfg = Debug|Any CPU
		{BB885010-4E71-4629-902E-942EE5D76B4D}.Debug|Any CPU.Build.0 = Debug|Any CPU
		{BB885010-4E71-4629-902E-942EE5D76B4D}.Release|Any CPU.ActiveCfg = Release|Any CPU
		{BB885010-4E71-4629-902E-942EE5D76B4D}.Release|Any CPU.Build.0 = Release|Any CPU
		{1FE5BA69-E258-441F-A336-67AB63A515A3}.Debug|Any CPU.ActiveCfg = Debug|Any CPU
		{1FE5BA69-E258-441F-A336-67AB63A515A3}.Debug|Any CPU.Build.0 = Debug|Any CPU
		{1FE5BA69-E258-441F-A336-67AB63A515A3}.Release|Any CPU.ActiveCfg = Release|Any CPU
		{1FE5BA69-E258-441F-A336-67AB63A515A3}.Release|Any CPU.Build.0 = Release|Any CPU
		{77A6E9EB-A9F4-42C4-803B-FACBFDE2DE53}.Debug|Any CPU.ActiveCfg = Debug|Any CPU
		{77A6E9EB-A9F4-42C4-803B-FACBFDE2DE53}.Debug|Any CPU.Build.0 = Debug|Any CPU
		{77A6E9EB-A9F4-42C4-803B-FACBFDE2DE53}.Release|Any CPU.ActiveCfg = Release|Any CPU
		{77A6E9EB-A9F4-42C4-803B-FACBFDE2DE53}.Release|Any CPU.Build.0 = Release|Any CPU
		{7F802C1D-91F8-41BC-A77D-A4B0AE633A1B}.Debug|Any CPU.ActiveCfg = Debug|Any CPU
		{7F802C1D-91F8-41BC-A77D-A4B0AE633A1B}.Debug|Any CPU.Build.0 = Debug|Any CPU
		{7F802C1D-91F8-41BC-A77D-A4B0AE633A1B}.Release|Any CPU.ActiveCfg = Release|Any CPU
		{7F802C1D-91F8-41BC-A77D-A4B0AE633A1B}.Release|Any CPU.Build.0 = Release|Any CPU
		{49891C4C-B9EA-4895-A986-39B8E2A1C532}.Debug|Any CPU.ActiveCfg = Debug|Any CPU
		{49891C4C-B9EA-4895-A986-39B8E2A1C532}.Debug|Any CPU.Build.0 = Debug|Any CPU
		{49891C4C-B9EA-4895-A986-39B8E2A1C532}.Release|Any CPU.ActiveCfg = Release|Any CPU
		{49891C4C-B9EA-4895-A986-39B8E2A1C532}.Release|Any CPU.Build.0 = Release|Any CPU
		{03268224-7C5A-4811-8EB5-D1B54F61983F}.Debug|Any CPU.ActiveCfg = Debug|Any CPU
		{03268224-7C5A-4811-8EB5-D1B54F61983F}.Debug|Any CPU.Build.0 = Debug|Any CPU
		{03268224-7C5A-4811-8EB5-D1B54F61983F}.Release|Any CPU.ActiveCfg = Release|Any CPU
		{03268224-7C5A-4811-8EB5-D1B54F61983F}.Release|Any CPU.Build.0 = Release|Any CPU
		{88F23DA3-2009-47C9-81CA-5C1D7B9AD873}.Debug|Any CPU.ActiveCfg = Debug|Any CPU
		{88F23DA3-2009-47C9-81CA-5C1D7B9AD873}.Debug|Any CPU.Build.0 = Debug|Any CPU
		{88F23DA3-2009-47C9-81CA-5C1D7B9AD873}.Release|Any CPU.ActiveCfg = Release|Any CPU
		{88F23DA3-2009-47C9-81CA-5C1D7B9AD873}.Release|Any CPU.Build.0 = Release|Any CPU
		{78749D81-4C86-4398-84AE-3FBD019E594B}.Debug|Any CPU.ActiveCfg = Debug|Any CPU
		{78749D81-4C86-4398-84AE-3FBD019E594B}.Debug|Any CPU.Build.0 = Debug|Any CPU
		{78749D81-4C86-4398-84AE-3FBD019E594B}.Release|Any CPU.ActiveCfg = Release|Any CPU
		{78749D81-4C86-4398-84AE-3FBD019E594B}.Release|Any CPU.Build.0 = Release|Any CPU
		{866B847F-DAAD-4ED9-8261-68F975C8C79B}.Debug|Any CPU.ActiveCfg = Debug|Any CPU
		{866B847F-DAAD-4ED9-8261-68F975C8C79B}.Debug|Any CPU.Build.0 = Debug|Any CPU
		{866B847F-DAAD-4ED9-8261-68F975C8C79B}.Release|Any CPU.ActiveCfg = Release|Any CPU
		{866B847F-DAAD-4ED9-8261-68F975C8C79B}.Release|Any CPU.Build.0 = Release|Any CPU
	EndGlobalSection
	GlobalSection(SolutionProperties) = preSolution
		HideSolutionNode = FALSE
	EndGlobalSection
	GlobalSection(NestedProjects) = preSolution
		{DDBFE125-18D7-40B4-999D-167E57EACA4F} = {ECEF9769-E853-4A20-A4F0-68C87363525F}
		{2DEFC8EF-481A-46E8-949C-044619357F3C} = {ECEF9769-E853-4A20-A4F0-68C87363525F}
		{DDB3EFF5-F89A-46D4-890D-B7F97C45EF2B} = {ECEF9769-E853-4A20-A4F0-68C87363525F}
		{F287297B-6F52-4514-9567-7669B6E2665F} = {ECEF9769-E853-4A20-A4F0-68C87363525F}
		{B3C3F679-3B25-4D81-BA02-FF8F7FA56C59} = {2DEFC8EF-481A-46E8-949C-044619357F3C}
		{BD562B31-2A6F-4351-AFD7-13C8236FB2A4} = {2DEFC8EF-481A-46E8-949C-044619357F3C}
		{7C6CE236-80EB-4D60-AE08-A35D81A8DE0D} = {DDB3EFF5-F89A-46D4-890D-B7F97C45EF2B}
		{E3CC99AA-A4E8-4E54-B200-745A3F081684} = {DDB3EFF5-F89A-46D4-890D-B7F97C45EF2B}
		{4D1139CD-7575-4B7D-A93D-C2633949895D} = {DDB3EFF5-F89A-46D4-890D-B7F97C45EF2B}
		{A846BD95-0119-442B-9696-05791C42F2D3} = {DDB3EFF5-F89A-46D4-890D-B7F97C45EF2B}
		{1006B717-102A-4A87-AC45-C78592C4DFC4} = {DDB3EFF5-F89A-46D4-890D-B7F97C45EF2B}
		{BB885010-4E71-4629-902E-942EE5D76B4D} = {F287297B-6F52-4514-9567-7669B6E2665F}
		{1FE5BA69-E258-441F-A336-67AB63A515A3} = {F287297B-6F52-4514-9567-7669B6E2665F}
		{77A6E9EB-A9F4-42C4-803B-FACBFDE2DE53} = {F287297B-6F52-4514-9567-7669B6E2665F}
		{7F802C1D-91F8-41BC-A77D-A4B0AE633A1B} = {F287297B-6F52-4514-9567-7669B6E2665F}
		{49891C4C-B9EA-4895-A986-39B8E2A1C532} = {2DEFC8EF-481A-46E8-949C-044619357F3C}
		{03268224-7C5A-4811-8EB5-D1B54F61983F} = {4CC878F2-1711-4E08-A273-CCF0DA6E7B8D}
		{88F23DA3-2009-47C9-81CA-5C1D7B9AD873} = {DDBFE125-18D7-40B4-999D-167E57EACA4F}
		{78749D81-4C86-4398-84AE-3FBD019E594B} = {DDBFE125-18D7-40B4-999D-167E57EACA4F}
		{866B847F-DAAD-4ED9-8261-68F975C8C79B} = {DDBFE125-18D7-40B4-999D-167E57EACA4F}
	EndGlobalSection
	GlobalSection(ExtensibilityGlobals) = postSolution
		SolutionGuid = {82E59FCD-DC87-4C03-8CE4-AE0B7383B58D}
	EndGlobalSection
EndGlobal
